Microsoft Visual Studio Solution File, Format Version 11.00
# Visual Studio 2008

Project("{1A6FE2CF-13DB-3ED5-FE66-9BF67E5A1FF6}") = "uSerial", "Assembly-CSharp.csproj", "{28BBE0AD-B2EE-329D-9E3F-7B4A0B049576}"
EndProject
Global
	GlobalSection(SolutionConfigurationPlatforms) = preSolution
		Debug|Any CPU = Debug|Any CPU
		Release|Any CPU = Release|Any CPU
	EndGlobalSection
	GlobalSection(ProjectConfigurationPlatforms) = postSolution
		{28BBE0AD-B2EE-329D-9E3F-7B4A0B049576}.Debug|Any CPU.ActiveCfg = Debug|Any CPU
		{28BBE0AD-B2EE-329D-9E3F-7B4A0B049576}.Debug|Any CPU.Build.0 = Debug|Any CPU
		{28BBE0AD-B2EE-329D-9E3F-7B4A0B049576}.Release|Any CPU.ActiveCfg = Release|Any CPU
		{28BBE0AD-B2EE-329D-9E3F-7B4A0B049576}.Release|Any CPU.Build.0 = Release|Any CPU
	EndGlobalSection
	GlobalSection(SolutionProperties) = preSolution
		HideSolutionNode = FALSE
	EndGlobalSection
	GlobalSection(MonoDevelopProperties) = preSolution
		StartupItem = Assembly-CSharp.csproj
	EndGlobalSection
EndGlobal
